Microsoft Visual Studio Solution File, Format Version 12.00
# Visual Studio Version 17
VisualStudioVersion = 17.5.2.0
MinimumVisualStudioVersion = 10.0.40219.1
Project("{FAE04EC0-301F-11D3-BF4B-00C04F79EFBC}") = "07_Promesas_JavaScript", "07_Promesas_JavaScript.csproj", "{B4586C91-7DF0-1D46-78F9-5A5A54032B0A}"
EndProject
Global
	GlobalSection(SolutionConfigurationPlatforms) = preSolution
		Debug|Any CPU = Debug|Any CPU
		Release|Any CPU = Release|Any CPU
	EndGlobalSection
	GlobalSection(ProjectConfigurationPlatforms) = postSolution
		{B4586C91-7DF0-1D46-78F9-5A5A54032B0A}.Debug|Any CPU.ActiveCfg = Debug|Any CPU
		{B4586C91-7DF0-1D46-78F9-5A5A54032B0A}.Debug|Any CPU.Build.0 = Debug|Any CPU
		{B4586C91-7DF0-1D46-78F9-5A5A54032B0A}.Release|Any CPU.ActiveCfg = Release|Any CPU
		{B4586C91-7DF0-1D46-78F9-5A5A54032B0A}.Release|Any CPU.Build.0 = Release|Any CPU
	EndGlobalSection
	GlobalSection(SolutionProperties) = preSolution
		HideSolutionNode = FALSE
	EndGlobalSection
	GlobalSection(ExtensibilityGlobals) = postSolution
		SolutionGuid = {7E26BD3E-CA6E-4256-983D-9737510BFAC2}
	EndGlobalSection
EndGlobal
