Microsoft Visual Studio Solution File, Format Version 12.00
# Visual Studio Version 17
VisualStudioVersion = 17.5.2.0
MinimumVisualStudioVersion = 10.0.40219.1
Project("{FAE04EC0-301F-11D3-BF4B-00C04F79EFBC}") = "15_Promesas", "15_Promesas.csproj", "{1BEE82C0-515E-C891-557F-6D768A6ECCF7}"
EndProject
Global
	GlobalSection(SolutionConfigurationPlatforms) = preSolution
		Debug|Any CPU = Debug|Any CPU
		Release|Any CPU = Release|Any CPU
	EndGlobalSection
	GlobalSection(ProjectConfigurationPlatforms) = postSolution
		{1BEE82C0-515E-C891-557F-6D768A6ECCF7}.Debug|Any CPU.ActiveCfg = Debug|Any CPU
		{1BEE82C0-515E-C891-557F-6D768A6ECCF7}.Debug|Any CPU.Build.0 = Debug|Any CPU
		{1BEE82C0-515E-C891-557F-6D768A6ECCF7}.Release|Any CPU.ActiveCfg = Release|Any CPU
		{1BEE82C0-515E-C891-557F-6D768A6ECCF7}.Release|Any CPU.Build.0 = Release|Any CPU
	EndGlobalSection
	GlobalSection(SolutionProperties) = preSolution
		HideSolutionNode = FALSE
	EndGlobalSection
	GlobalSection(ExtensibilityGlobals) = postSolution
		SolutionGuid = {40E27164-74BB-43EB-BBFF-D8125C41CF41}
	EndGlobalSection
EndGlobal
